// !$*UTF8*$!
{
	archiveVersion = 1;
	classes = {
	};
	objectVersion = 55;
	objects = {

/* Begin PBXBuildFile section */
		302B28B941C7C07239F71C40 /* Pods_Climee.framework in Frameworks */ = {isa = PBXBuildFile; fileRef = 8E0E771F2C9A98EA695C5A6E /* Pods_Climee.framework */; };
		8769E81C2951A9AD00005063 /* WeatherForcastViewModel.swift in Sources */ = {isa = PBXBuildFile; fileRef = 8769E81B2951A9AD00005063 /* WeatherForcastViewModel.swift */; };
		8769E81E2951ADA700005063 /* WeatherForcastData.swift in Sources */ = {isa = PBXBuildFile; fileRef = 8769E81D2951ADA700005063 /* WeatherForcastData.swift */; };
		8769E8202951F7FC00005063 /* ForcastTableViewCell.swift in Sources */ = {isa = PBXBuildFile; fileRef = 8769E81F2951F7FC00005063 /* ForcastTableViewCell.swift */; };
		878FB5EB28B4B90800ECE544 /* AirPollutionData.swift in Sources */ = {isa = PBXBuildFile; fileRef = 878FB5EA28B4B90800ECE544 /* AirPollutionData.swift */; };
		878FB5ED28B4C52E00ECE544 /* AirPollutionModel.swift in Sources */ = {isa = PBXBuildFile; fileRef = 878FB5EC28B4C52E00ECE544 /* AirPollutionModel.swift */; };
		8793A89128BB390B00FBA5E0 /* Extensions.swift in Sources */ = {isa = PBXBuildFile; fileRef = 8793A89028BB390B00FBA5E0 /* Extensions.swift */; };
		879A850328AB8043003957A9 /* AppDelegate.swift in Sources */ = {isa = PBXBuildFile; fileRef = 879A850228AB8043003957A9 /* AppDelegate.swift */; };
		879A850528AB8043003957A9 /* SceneDelegate.swift in Sources */ = {isa = PBXBuildFile; fileRef = 879A850428AB8043003957A9 /* SceneDelegate.swift */; };
		879A850728AB8043003957A9 /* WeatherViewController.swift in Sources */ = {isa = PBXBuildFile; fileRef = 879A850628AB8043003957A9 /* WeatherViewController.swift */; };
		879A850A28AB8043003957A9 /* Main.storyboard in Resources */ = {isa = PBXBuildFile; fileRef = 879A850828AB8043003957A9 /* Main.storyboard */; };
		879A850C28AB8044003957A9 /* Assets.xcassets in Resources */ = {isa = PBXBuildFile; fileRef = 879A850B28AB8044003957A9 /* Assets.xcassets */; };
		879A850F28AB8044003957A9 /* LaunchScreen.storyboard in Resources */ = {isa = PBXBuildFile; fileRef = 879A850D28AB8044003957A9 /* LaunchScreen.storyboard */; };
		879A851E28ABDBE4003957A9 /* WeatherData.swift in Sources */ = {isa = PBXBuildFile; fileRef = 879A851D28ABDBE4003957A9 /* WeatherData.swift */; };
		879A852028ABE83B003957A9 /* WeatherModel.swift in Sources */ = {isa = PBXBuildFile; fileRef = 879A851F28ABE83B003957A9 /* WeatherModel.swift */; };
		87A9A85A291F60660082887A /* APICaller.swift in Sources */ = {isa = PBXBuildFile; fileRef = 87A9A859291F60660082887A /* APICaller.swift */; };
		87A9A85D291F61110082887A /* WeatherViewModel.swift in Sources */ = {isa = PBXBuildFile; fileRef = 87A9A85C291F61110082887A /* WeatherViewModel.swift */; };
		87B6E37328AE3D320084D5B3 /* Constant.swift in Sources */ = {isa = PBXBuildFile; fileRef = 87B6E37228AE3D320084D5B3 /* Constant.swift */; };
		87F8FEA82951684400D9042E /* WeatherForcastTableViewController.swift in Sources */ = {isa = PBXBuildFile; fileRef = 87F8FEA72951684400D9042E /* WeatherForcastTableViewController.swift */; };
/* End PBXBuildFile section */

/* Begin PBXFileReference section */
		53C92F2C3938931ACB8BCCA6 /* Pods-Climee.release.xcconfig */ = {isa = PBXFileReference; includeInIndex = 1; lastKnownFileType = text.xcconfig; name = "Pods-Climee.release.xcconfig"; path = "Target Support Files/Pods-Climee/Pods-Climee.release.xcconfig"; sourceTree = "<group>"; };
		8769E81B2951A9AD00005063 /* WeatherForcastViewModel.swift */ = {isa = PBXFileReference; lastKnownFileType = sourcecode.swift; path = WeatherForcastViewModel.swift; sourceTree = "<group>"; };
		8769E81D2951ADA700005063 /* WeatherForcastData.swift */ = {isa = PBXFileReference; lastKnownFileType = sourcecode.swift; path = WeatherForcastData.swift; sourceTree = "<group>"; };
		8769E81F2951F7FC00005063 /* ForcastTableViewCell.swift */ = {isa = PBXFileReference; lastKnownFileType = sourcecode.swift; path = ForcastTableViewCell.swift; sourceTree = "<group>"; };
		878FB5EA28B4B90800ECE544 /* AirPollutionData.swift */ = {isa = PBXFileReference; lastKnownFileType = sourcecode.swift; path = AirPollutionData.swift; sourceTree = "<group>"; };
		878FB5EC28B4C52E00ECE544 /* AirPollutionModel.swift */ = {isa = PBXFileReference; lastKnownFileType = sourcecode.swift; path = AirPollutionModel.swift; sourceTree = "<group>"; };
		8793A89028BB390B00FBA5E0 /* Extensions.swift */ = {isa = PBXFileReference; lastKnownFileType = sourcecode.swift; path = Extensions.swift; sourceTree = "<group>"; };
		879A84FF28AB8043003957A9 /* Climee.app */ = {isa = PBXFileReference; explicitFileType = wrapper.application; includeInIndex = 0; path = Climee.app; sourceTree = BUILT_PRODUCTS_DIR; };
		879A850228AB8043003957A9 /* AppDelegate.swift */ = {isa = PBXFileReference; lastKnownFileType = sourcecode.swift; path = AppDelegate.swift; sourceTree = "<group>"; };
		879A850428AB8043003957A9 /* SceneDelegate.swift */ = {isa = PBXFileReference; lastKnownFileType = sourcecode.swift; path = SceneDelegate.swift; sourceTree = "<group>"; };
		879A850628AB8043003957A9 /* WeatherViewController.swift */ = {isa = PBXFileReference; lastKnownFileType = sourcecode.swift; path = WeatherViewController.swift; sourceTree = "<group>"; };
		879A850928AB8043003957A9 /* Base */ = {isa = PBXFileReference; lastKnownFileType = file.storyboard; name = Base; path = Base.lproj/Main.storyboard; sourceTree = "<group>"; };
		879A850B28AB8044003957A9 /* Assets.xcassets */ = {isa = PBXFileReference; lastKnownFileType = folder.assetcatalog; name = Assets.xcassets; path = ../Assets.xcassets; sourceTree = "<group>"; };
		879A850E28AB8044003957A9 /* Base */ = {isa = PBXFileReference; lastKnownFileType = file.storyboard; name = Base; path = Base.lproj/LaunchScreen.storyboard; sourceTree = "<group>"; };
		879A851028AB8044003957A9 /* Info.plist */ = {isa = PBXFileReference; lastKnownFileType = text.plist.xml; path = Info.plist; sourceTree = "<group>"; };
		879A851D28ABDBE4003957A9 /* WeatherData.swift */ = {isa = PBXFileReference; lastKnownFileType = sourcecode.swift; path = WeatherData.swift; sourceTree = "<group>"; };
		879A851F28ABE83B003957A9 /* WeatherModel.swift */ = {isa = PBXFileReference; lastKnownFileType = sourcecode.swift; path = WeatherModel.swift; sourceTree = "<group>"; };
		87A9A859291F60660082887A /* APICaller.swift */ = {isa = PBXFileReference; lastKnownFileType = sourcecode.swift; path = APICaller.swift; sourceTree = "<group>"; };
		87A9A85C291F61110082887A /* WeatherViewModel.swift */ = {isa = PBXFileReference; lastKnownFileType = sourcecode.swift; path = WeatherViewModel.swift; sourceTree = "<group>"; };
		87B6E37228AE3D320084D5B3 /* Constant.swift */ = {isa = PBXFileReference; lastKnownFileType = sourcecode.swift; path = Constant.swift; sourceTree = "<group>"; };
		87F8FEA72951684400D9042E /* WeatherForcastTableViewController.swift */ = {isa = PBXFileReference; lastKnownFileType = sourcecode.swift; path = WeatherForcastTableViewController.swift; sourceTree = "<group>"; };
		8E0E771F2C9A98EA695C5A6E /* Pods_Climee.framework */ = {isa = PBXFileReference; explicitFileType = wrapper.framework; includeInIndex = 0; path = Pods_Climee.framework; sourceTree = BUILT_PRODUCTS_DIR; };
		FBF3A72E4B9B1ED3566002D1 /* Pods-Climee.debug.xcconfig */ = {isa = PBXFileReference; includeInIndex = 1; lastKnownFileType = text.xcconfig; name = "Pods-Climee.debug.xcconfig"; path = "Target Support Files/Pods-Climee/Pods-Climee.debug.xcconfig"; sourceTree = "<group>"; };
/* End PBXFileReference section */

/* Begin PBXFrameworksBuildPhase section */
		879A84FC28AB8043003957A9 /* Frameworks */ = {
			isa = PBXFrameworksBuildPhase;
			buildActionMask = 2147483647;
			files = (
				302B28B941C7C07239F71C40 /* Pods_Climee.framework in Frameworks */,
			);
			runOnlyForDeploymentPostprocessing = 0;
		};
/* End PBXFrameworksBuildPhase section */

/* Begin PBXGroup section */
		1416B6D282A9DF82E397D6A8 /* Frameworks */ = {
			isa = PBXGroup;
			children = (
				8E0E771F2C9A98EA695C5A6E /* Pods_Climee.framework */,
			);
			name = Frameworks;
			sourceTree = "<group>";
		};
		4690E3C2D7E390A0A049C2A5 /* Pods */ = {
			isa = PBXGroup;
			children = (
				FBF3A72E4B9B1ED3566002D1 /* Pods-Climee.debug.xcconfig */,
				53C92F2C3938931ACB8BCCA6 /* Pods-Climee.release.xcconfig */,
			);
			path = Pods;
			sourceTree = "<group>";
		};
		8792EC0028D335A600B7A6DD /* Extension */ = {
			isa = PBXGroup;
			children = (
				8793A89028BB390B00FBA5E0 /* Extensions.swift */,
				8769E81F2951F7FC00005063 /* ForcastTableViewCell.swift */,
			);
			path = Extension;
			sourceTree = "<group>";
		};
		879A84F628AB8043003957A9 = {
			isa = PBXGroup;
			children = (
				879A850128AB8043003957A9 /* Climee */,
				879A850028AB8043003957A9 /* Products */,
				4690E3C2D7E390A0A049C2A5 /* Pods */,
				1416B6D282A9DF82E397D6A8 /* Frameworks */,
			);
			sourceTree = "<group>";
		};
		879A850028AB8043003957A9 /* Products */ = {
			isa = PBXGroup;
			children = (
				879A84FF28AB8043003957A9 /* Climee.app */,
			);
			name = Products;
			sourceTree = "<group>";
		};
		879A850128AB8043003957A9 /* Climee */ = {
			isa = PBXGroup;
			children = (
				879A851828AB80B5003957A9 /* Controller */,
				87A9A85B291F60F60082887A /* ViewModel */,
				879A851628AB809C003957A9 /* Model */,
				879A851728AB80A5003957A9 /* View */,
				87A9A858291F603F0082887A /* APIService */,
				8792EC0028D335A600B7A6DD /* Extension */,
				87B6E37428AE3D520084D5B3 /* Resource */,
				879A851028AB8044003957A9 /* Info.plist */,
			);
			path = Climee;
			sourceTree = "<group>";
		};
		879A851628AB809C003957A9 /* Model */ = {
			isa = PBXGroup;
			children = (
				879A851D28ABDBE4003957A9 /* WeatherData.swift */,
				879A851F28ABE83B003957A9 /* WeatherModel.swift */,
				878FB5EA28B4B90800ECE544 /* AirPollutionData.swift */,
				878FB5EC28B4C52E00ECE544 /* AirPollutionModel.swift */,
				8769E81D2951ADA700005063 /* WeatherForcastData.swift */,
			);
			path = Model;
			sourceTree = "<group>";
		};
		879A851728AB80A5003957A9 /* View */ = {
			isa = PBXGroup;
			children = (
				879A850828AB8043003957A9 /* Main.storyboard */,
				879A850D28AB8044003957A9 /* LaunchScreen.storyboard */,
			);
			path = View;
			sourceTree = "<group>";
		};
		879A851828AB80B5003957A9 /* Controller */ = {
			isa = PBXGroup;
			children = (
				879A850628AB8043003957A9 /* WeatherViewController.swift */,
				87F8FEA72951684400D9042E /* WeatherForcastTableViewController.swift */,
			);
			path = Controller;
			sourceTree = "<group>";
		};
		87A9A858291F603F0082887A /* APIService */ = {
			isa = PBXGroup;
			children = (
				87A9A859291F60660082887A /* APICaller.swift */,
			);
			path = APIService;
			sourceTree = "<group>";
		};
		87A9A85B291F60F60082887A /* ViewModel */ = {
			isa = PBXGroup;
			children = (
				87A9A85C291F61110082887A /* WeatherViewModel.swift */,
				8769E81B2951A9AD00005063 /* WeatherForcastViewModel.swift */,
			);
			path = ViewModel;
			sourceTree = "<group>";
		};
		87B6E37428AE3D520084D5B3 /* Resource */ = {
			isa = PBXGroup;
			children = (
				879A850228AB8043003957A9 /* AppDelegate.swift */,
				879A850428AB8043003957A9 /* SceneDelegate.swift */,
				87B6E37228AE3D320084D5B3 /* Constant.swift */,
				879A850B28AB8044003957A9 /* Assets.xcassets */,
			);
			path = Resource;
			sourceTree = "<group>";
		};
/* End PBXGroup section */

/* Begin PBXNativeTarget section */
		879A84FE28AB8043003957A9 /* Climee */ = {
			isa = PBXNativeTarget;
			buildConfigurationList = 879A851328AB8044003957A9 /* Build configuration list for PBXNativeTarget "Climee" */;
			buildPhases = (
				1F400E909817F2487BCD8639 /* [CP] Check Pods Manifest.lock */,
				879A84FB28AB8043003957A9 /* Sources */,
				879A84FC28AB8043003957A9 /* Frameworks */,
				879A84FD28AB8043003957A9 /* Resources */,
				838265A56E647926DD1DF159 /* [CP] Embed Pods Frameworks */,
			);
			buildRules = (
			);
			dependencies = (
			);
			name = Climee;
			productName = Climee;
			productReference = 879A84FF28AB8043003957A9 /* Climee.app */;
			productType = "com.apple.product-type.application";
		};
/* End PBXNativeTarget section */

/* Begin PBXProject section */
		879A84F728AB8043003957A9 /* Project object */ = {
			isa = PBXProject;
			attributes = {
				BuildIndependentTargetsInParallel = 1;
				LastSwiftUpdateCheck = 1330;
				LastUpgradeCheck = 1330;
				TargetAttributes = {
					879A84FE28AB8043003957A9 = {
						CreatedOnToolsVersion = 13.3;
					};
				};
			};
			buildConfigurationList = 879A84FA28AB8043003957A9 /* Build configuration list for PBXProject "Climee" */;
			compatibilityVersion = "Xcode 13.0";
			developmentRegion = en;
			hasScannedForEncodings = 0;
			knownRegions = (
				en,
				Base,
			);
			mainGroup = 879A84F628AB8043003957A9;
			productRefGroup = 879A850028AB8043003957A9 /* Products */;
			projectDirPath = "";
			projectRoot = "";
			targets = (
				879A84FE28AB8043003957A9 /* Climee */,
			);
		};
/* End PBXProject section */

/* Begin PBXResourcesBuildPhase section */
		879A84FD28AB8043003957A9 /* Resources */ = {
			isa = PBXResourcesBuildPhase;
			buildActionMask = 2147483647;
			files = (
				879A850F28AB8044003957A9 /* LaunchScreen.storyboard in Resources */,
				879A850C28AB8044003957A9 /* Assets.xcassets in Resources */,
				879A850A28AB8043003957A9 /* Main.storyboard in Resources */,
			);
			runOnlyForDeploymentPostprocessing = 0;
		};
/* End PBXResourcesBuildPhase section */

/* Begin PBXShellScriptBuildPhase section */
		1F400E909817F2487BCD8639 /* [CP] Check Pods Manifest.lock */ = {
			isa = PBXShellScriptBuildPhase;
			buildActionMask = 2147483647;
			files = (
			);
			inputFileListPaths = (
			);
			inputPaths = (
				"${PODS_PODFILE_DIR_PATH}/Podfile.lock",
				"${PODS_ROOT}/Manifest.lock",
			);
			name = "[CP] Check Pods Manifest.lock";
			outputFileListPaths = (
			);
			outputPaths = (
				"$(DERIVED_FILE_DIR)/Pods-Climee-checkManifestLockResult.txt",
			);
			runOnlyForDeploymentPostprocessing = 0;
			shellPath = /bin/sh;
			shellScript = "diff \"${PODS_PODFILE_DIR_PATH}/Podfile.lock\" \"${PODS_ROOT}/Manifest.lock\" > /dev/null\nif [ $? != 0 ] ; then\n    # print error to STDERR\n    echo \"error: The sandbox is not in sync with the Podfile.lock. Run 'pod install' or update your CocoaPods installation.\" >&2\n    exit 1\nfi\n# This output is used by Xcode 'outputs' to avoid re-running this script phase.\necho \"SUCCESS\" > \"${SCRIPT_OUTPUT_FILE_0}\"\n";
			showEnvVarsInLog = 0;
		};
		838265A56E647926DD1DF159 /* [CP] Embed Pods Frameworks */ = {
			isa = PBXShellScriptBuildPhase;
			buildActionMask = 2147483647;
			files = (
			);
			inputFileListPaths = (
				"${PODS_ROOT}/Target Support Files/Pods-Climee/Pods-Climee-frameworks-${CONFIGURATION}-input-files.xcfilelist",
			);
			name = "[CP] Embed Pods Frameworks";
			outputFileListPaths = (
				"${PODS_ROOT}/Target Support Files/Pods-Climee/Pods-Climee-frameworks-${CONFIGURATION}-output-files.xcfilelist",
			);
			runOnlyForDeploymentPostprocessing = 0;
			shellPath = /bin/sh;
			shellScript = "\"${PODS_ROOT}/Target Support Files/Pods-Climee/Pods-Climee-frameworks.sh\"\n";
			showEnvVarsInLog = 0;
		};
/* End PBXShellScriptBuildPhase section */

/* Begin PBXSourcesBuildPhase section */
		879A84FB28AB8043003957A9 /* Sources */ = {
			isa = PBXSourcesBuildPhase;
			buildActionMask = 2147483647;
			files = (
				879A850728AB8043003957A9 /* WeatherViewController.swift in Sources */,
				8769E81E2951ADA700005063 /* WeatherForcastData.swift in Sources */,
				87A9A85D291F61110082887A /* WeatherViewModel.swift in Sources */,
				879A851E28ABDBE4003957A9 /* WeatherData.swift in Sources */,
				8769E81C2951A9AD00005063 /* WeatherForcastViewModel.swift in Sources */,
				879A850328AB8043003957A9 /* AppDelegate.swift in Sources */,
				878FB5ED28B4C52E00ECE544 /* AirPollutionModel.swift in Sources */,
				87B6E37328AE3D320084D5B3 /* Constant.swift in Sources */,
				8793A89128BB390B00FBA5E0 /* Extensions.swift in Sources */,
				87F8FEA82951684400D9042E /* WeatherForcastTableViewController.swift in Sources */,
				879A852028ABE83B003957A9 /* WeatherModel.swift in Sources */,
				8769E8202951F7FC00005063 /* ForcastTableViewCell.swift in Sources */,
				87A9A85A291F60660082887A /* APICaller.swift in Sources */,
				879A850528AB8043003957A9 /* SceneDelegate.swift in Sources */,
				878FB5EB28B4B90800ECE544 /* AirPollutionData.swift in Sources */,
			);
			runOnlyForDeploymentPostprocessing = 0;
		};
/* End PBXSourcesBuildPhase section */

/* Begin PBXVariantGroup section */
		879A850828AB8043003957A9 /* Main.storyboard */ = {
			isa = PBXVariantGroup;
			children = (
				879A850928AB8043003957A9 /* Base */,
			);
			name = Main.storyboard;
			sourceTree = "<group>";
		};
		879A850D28AB8044003957A9 /* LaunchScreen.storyboard */ = {
			isa = PBXVariantGroup;
			children = (
				879A850E28AB8044003957A9 /* Base */,
			);
			name = LaunchScreen.storyboard;
			sourceTree = "<group>";
		};
/* End PBXVariantGroup section */

/* Begin XCBuildConfiguration section */
		879A851128AB8044003957A9 /* Debug */ = {
			isa = XCBuildConfiguration;
			buildSettings = {
				ALWAYS_SEARCH_USER_PATHS = NO;
				CLANG_ANALYZER_NONNULL = YES;
				CLANG_ANALYZER_NUMBER_OBJECT_CONVERSION = YES_AGGRESSIVE;
				CLANG_CXX_LANGUAGE_STANDARD = "gnu++17";
				CLANG_ENABLE_MODULES = YES;
				CLANG_ENABLE_OBJC_ARC = YES;
				CLANG_ENABLE_OBJC_WEAK = YES;
				CLANG_WARN_BLOCK_CAPTURE_AUTORELEASING = YES;
				CLANG_WARN_BOOL_CONVERSION = YES;
				CLANG_WARN_COMMA = YES;
				CLANG_WARN_CONSTANT_CONVERSION = YES;
				CLANG_WARN_DEPRECATED_OBJC_IMPLEMENTATIONS = YES;
				CLANG_WARN_DIRECT_OBJC_ISA_USAGE = YES_ERROR;
				CLANG_WARN_DOCUMENTATION_COMMENTS = YES;
				CLANG_WARN_EMPTY_BODY = YES;
				CLANG_WARN_ENUM_CONVERSION = YES;
				CLANG_WARN_INFINITE_RECURSION = YES;
				CLANG_WARN_INT_CONVERSION = YES;
				CLANG_WARN_NON_LITERAL_NULL_CONVERSION = YES;
				CLANG_WARN_OBJC_IMPLICIT_RETAIN_SELF = YES;
				CLANG_WARN_OBJC_LITERAL_CONVERSION = YES;
				CLANG_WARN_OBJC_ROOT_CLASS = YES_ERROR;
				CLANG_WARN_QUOTED_INCLUDE_IN_FRAMEWORK_HEADER = YES;
				CLANG_WARN_RANGE_LOOP_ANALYSIS = YES;
				CLANG_WARN_STRICT_PROTOTYPES = YES;
				CLANG_WARN_SUSPICIOUS_MOVE = YES;
				CLANG_WARN_UNGUARDED_AVAILABILITY = YES_AGGRESSIVE;
				CLANG_WARN_UNREACHABLE_CODE = YES;
				CLANG_WARN__DUPLICATE_METHOD_MATCH = YES;
				COPY_PHASE_STRIP = NO;
				DEBUG_INFORMATION_FORMAT = dwarf;
				ENABLE_STRICT_OBJC_MSGSEND = YES;
				ENABLE_TESTABILITY = YES;
				GCC_C_LANGUAGE_STANDARD = gnu11;
				GCC_DYNAMIC_NO_PIC = NO;
				GCC_NO_COMMON_BLOCKS = YES;
				GCC_OPTIMIZATION_LEVEL = 0;
				GCC_PREPROCESSOR_DEFINITIONS = (
					"DEBUG=1",
					"$(inherited)",
				);
				GCC_WARN_64_TO_32_BIT_CONVERSION = YES;
				GCC_WARN_ABOUT_RETURN_TYPE = YES_ERROR;
				GCC_WARN_UNDECLARED_SELECTOR = YES;
				GCC_WARN_UNINITIALIZED_AUTOS = YES_AGGRESSIVE;
				GCC_WARN_UNUSED_FUNCTION = YES;
				GCC_WARN_UNUSED_VARIABLE = YES;
				IPHONEOS_DEPLOYMENT_TARGET = 15.4;
				MTL_ENABLE_DEBUG_INFO = INCLUDE_SOURCE;
				MTL_FAST_MATH = YES;
				ONLY_ACTIVE_ARCH = YES;
				SDKROOT = iphoneos;
				SWIFT_ACTIVE_COMPILATION_CONDITIONS = DEBUG;
				SWIFT_OPTIMIZATION_LEVEL = "-Onone";
			};
			name = Debug;
		};
		879A851228AB8044003957A9 /* Release */ = {
			isa = XCBuildConfiguration;
			buildSettings = {
				ALWAYS_SEARCH_USER_PATHS = NO;
				CLANG_ANALYZER_NONNULL = YES;
				CLANG_ANALYZER_NUMBER_OBJECT_CONVERSION = YES_AGGRESSIVE;
				CLANG_CXX_LANGUAGE_STANDARD = "gnu++17";
				CLANG_ENABLE_MODULES = YES;
				CLANG_ENABLE_OBJC_ARC = YES;
				CLANG_ENABLE_OBJC_WEAK = YES;
				CLANG_WARN_BLOCK_CAPTURE_AUTORELEASING = YES;
				CLANG_WARN_BOOL_CONVERSION = YES;
				CLANG_WARN_COMMA = YES;
				CLANG_WARN_CONSTANT_CONVERSION = YES;
				CLANG_WARN_DEPRECATED_OBJC_IMPLEMENTATIONS = YES;
				CLANG_WARN_DIRECT_OBJC_ISA_USAGE = YES_ERROR;
				CLANG_WARN_DOCUMENTATION_COMMENTS = YES;
				CLANG_WARN_EMPTY_BODY = YES;
				CLANG_WARN_ENUM_CONVERSION = YES;
				CLANG_WARN_INFINITE_RECURSION = YES;
				CLANG_WARN_INT_CONVERSION = YES;
				CLANG_WARN_NON_LITERAL_NULL_CONVERSION = YES;
				CLANG_WARN_OBJC_IMPLICIT_RETAIN_SELF = YES;
				CLANG_WARN_OBJC_LITERAL_CONVERSION = YES;
				CLANG_WARN_OBJC_ROOT_CLASS = YES_ERROR;
				CLANG_WARN_QUOTED_INCLUDE_IN_FRAMEWORK_HEADER = YES;
				CLANG_WARN_RANGE_LOOP_ANALYSIS = YES;
				CLANG_WARN_STRICT_PROTOTYPES = YES;
				CLANG_WARN_SUSPICIOUS_MOVE = YES;
				CLANG_WARN_UNGUARDED_AVAILABILITY = YES_AGGRESSIVE;
				CLANG_WARN_UNREACHABLE_CODE = YES;
				CLANG_WARN__DUPLICATE_METHOD_MATCH = YES;
				COPY_PHASE_STRIP = NO;
				DEBUG_INFORMATION_FORMAT = "dwarf-with-dsym";
				ENABLE_NS_ASSERTIONS = NO;
				ENABLE_STRICT_OBJC_MSGSEND = YES;
				GCC_C_LANGUAGE_STANDARD = gnu11;
				GCC_NO_COMMON_BLOCKS = YES;
				GCC_WARN_64_TO_32_BIT_CONVERSION = YES;
				GCC_WARN_ABOUT_RETURN_TYPE = YES_ERROR;
				GCC_WARN_UNDECLARED_SELECTOR = YES;
				GCC_WARN_UNINITIALIZED_AUTOS = YES_AGGRESSIVE;
				GCC_WARN_UNUSED_FUNCTION = YES;
				GCC_WARN_UNUSED_VARIABLE = YES;
				IPHONEOS_DEPLOYMENT_TARGET = 15.4;
				MTL_ENABLE_DEBUG_INFO = NO;
				MTL_FAST_MATH = YES;
				SDKROOT = iphoneos;
				SWIFT_COMPILATION_MODE = wholemodule;
				SWIFT_OPTIMIZATION_LEVEL = "-O";
				VALIDATE_PRODUCT = YES;
			};
			name = Release;
		};
		879A851428AB8044003957A9 /* Debug */ = {
			isa = XCBuildConfiguration;
			baseConfigurationReference = FBF3A72E4B9B1ED3566002D1 /* Pods-Climee.debug.xcconfig */;
			buildSettings = {
				ASSETCATALOG_COMPILER_APPICON_NAME = AppIcon;
				ASSETCATALOG_COMPILER_GLOBAL_ACCENT_COLOR_NAME = AccentColor;
				CODE_SIGN_STYLE = Automatic;
				CURRENT_PROJECT_VERSION = 1;
				DEVELOPMENT_TEAM = Y9H897VKWQ;
				GENERATE_INFOPLIST_FILE = YES;
				INFOPLIST_FILE = Climee/Info.plist;
				INFOPLIST_KEY_NSLocationWhenInUseUsageDescription = "We need your location to get the current weather for where you are.";
				INFOPLIST_KEY_UIApplicationSupportsIndirectInputEvents = YES;
				INFOPLIST_KEY_UILaunchStoryboardName = LaunchScreen;
				INFOPLIST_KEY_UIMainStoryboardFile = Main;
				INFOPLIST_KEY_UISupportedInterfaceOrientations = UIInterfaceOrientationPortrait;
				INFOPLIST_KEY_UISupportedInterfaceOrientations_iPad = "UIInterfaceOrientationPortrait UIInterfaceOrientationPortraitUpsideDown UIInterfaceOrientationLandscapeLeft UIInterfaceOrientationLandscapeRight";
				INFOPLIST_KEY_UISupportedInterfaceOrientations_iPhone = "UIInterfaceOrientationPortrait UIInterfaceOrientationLandscapeLeft UIInterfaceOrientationLandscapeRight";
				LD_RUNPATH_SEARCH_PATHS = (
					"$(inherited)",
					"@executable_path/Frameworks",
				);
				MARKETING_VERSION = 1.0;
				PRODUCT_BUNDLE_IDENTIFIER = "co-nuntapath.Climee";
				PRODUCT_NAME = "$(TARGET_NAME)";
				SWIFT_EMIT_LOC_STRINGS = YES;
				SWIFT_VERSION = 5.0;
				TARGETED_DEVICE_FAMILY = "1,2";
			};
			name = Debug;
		};
		879A851528AB8044003957A9 /* Release */ = {
			isa = XCBuildConfiguration;
			baseConfigurationReference = 53C92F2C3938931ACB8BCCA6 /* Pods-Climee.release.xcconfig */;
			buildSettings = {
				ASSETCATALOG_COMPILER_APPICON_NAME = AppIcon;
				ASSETCATALOG_COMPILER_GLOBAL_ACCENT_COLOR_NAME = AccentColor;
				CODE_SIGN_STYLE = Automatic;
				CURRENT_PROJECT_VERSION = 1;
				DEVELOPMENT_TEAM = Y9H897VKWQ;
				GENERATE_INFOPLIST_FILE = YES;
				INFOPLIST_FILE = Climee/Info.plist;
				INFOPLIST_KEY_NSLocationWhenInUseUsageDescription = "We need your location to get the current weather for where you are.";
				INFOPLIST_KEY_UIApplicationSupportsIndirectInputEvents = YES;
				INFOPLIST_KEY_UILaunchStoryboardName = LaunchScreen;
				INFOPLIST_KEY_UIMainStoryboardFile = Main;
				INFOPLIST_KEY_UISupportedInterfaceOrientations = UIInterfaceOrientationPortrait;
				INFOPLIST_KEY_UISupportedInterfaceOrientations_iPad = "UIInterfaceOrientationPortrait UIInterfaceOrientationPortraitUpsideDown UIInterfaceOrientationLandscapeLeft UIInterfaceOrientationLandscapeRight";
				INFOPLIST_KEY_UISupportedInterfaceOrientations_iPhone = "UIInterfaceOrientationPortrait UIInterfaceOrientationLandscapeLeft UIInterfaceOrientationLandscapeRight";
				LD_RUNPATH_SEARCH_PATHS = (
					"$(inherited)",
					"@executable_path/Frameworks",
				);
				MARKETING_VERSION = 1.0;
				PRODUCT_BUNDLE_IDENTIFIER = "co-nuntapath.Climee";
				PRODUCT_NAME = "$(TARGET_NAME)";
				SWIFT_EMIT_LOC_STRINGS = YES;
				SWIFT_VERSION = 5.0;
				TARGETED_DEVICE_FAMILY = "1,2";
			};
			name = Release;
		};
/* End XCBuildConfiguration section */

/* Begin XCConfigurationList section */
		879A84FA28AB8043003957A9 /* Build configuration list for PBXProject "Climee" */ = {
			isa = XCConfigurationList;
			buildConfigurations = (
				879A851128AB8044003957A9 /* Debug */,
				879A851228AB8044003957A9 /* Release */,
			);
			defaultConfigurationIsVisible = 0;
			defaultConfigurationName = Release;
		};
		879A851328AB8044003957A9 /* Build configuration list for PBXNativeTarget "Climee" */ = {
			isa = XCConfigurationList;
			buildConfigurations = (
				879A851428AB8044003957A9 /* Debug */,
				879A851528AB8044003957A9 /* Release */,
			);
			defaultConfigurationIsVisible = 0;
			defaultConfigurationName = Release;
		};
/* End XCConfigurationList section */
	};
	rootObject = 879A84F728AB8043003957A9 /* Project object */;
}
